
Microsoft Visual Studio Solution File, Format Version 12.00
# Visual Studio Version 17
VisualStudioVersion = 17.8.34316.72
MinimumVisualStudioVersion = 10.0.40219.1
Project("{FAE04EC0-301F-11D3-BF4B-00C04F79EFBC}") = "213002-L11Ex2", "213002-L11Ex2.csproj", "{01FBFC2C-2AA9-492A-ACA4-E37EAE92B16F}"
EndProject
Global
	GlobalSection(SolutionConfigurationPlatforms) = preSolution
		Debug|Any CPU = Debug|Any CPU
		Release|Any CPU = Release|Any CPU
	EndGlobalSection
	GlobalSection(ProjectConfigurationPlatforms) = postSolution
		{01FBFC2C-2AA9-492A-ACA4-E37EAE92B16F}.Debug|Any CPU.ActiveCfg = Debug|Any CPU
		{01FBFC2C-2AA9-492A-ACA4-E37EAE92B16F}.Debug|Any CPU.Build.0 = Debug|Any CPU
		{01FBFC2C-2AA9-492A-ACA4-E37EAE92B16F}.Release|Any CPU.ActiveCfg = Release|Any CPU
		{01FBFC2C-2AA9-492A-ACA4-E37EAE92B16F}.Release|Any CPU.Build.0 = Release|Any CPU
	EndGlobalSection
	GlobalSection(SolutionProperties) = preSolution
		HideSolutionNode = FALSE
	EndGlobalSection
	GlobalSection(ExtensibilityGlobals) = postSolution
		SolutionGuid = {593A736E-D17D-44F5-8C98-9688EF29DB43}
	EndGlobalSection
EndGlobal
